{
  "nodes": {
    "cpkgs": {
      "inputs": {
        "nixpkgs": "nixpkgs"
      },
      "locked": {
        "lastModified": 1613682693,
        "narHash": "sha256-BGzDMeJHeOlhbwzaHlFUlBo7+w5glKeSBZg2WLNoAo4=",
        "owner": "technical27",
        "repo": "pkgs",
        "rev": "3252558bbb041e6b32d6f5916367feed4bb9fc83",
        "type": "github"
      },
      "original": {
        "owner": "technical27",
        "repo": "pkgs",
        "type": "github"
      }
    },
    "home-manager": {
      "inputs": {
        "nixpkgs": "nixpkgs_2"
      },
      "locked": {
        "lastModified": 1613535568,
        "narHash": "sha256-JeTRN/ee6QTP/IlR89dz1LHMi8ag0kW/Kf8hT6d12sY=",
        "owner": "nix-community",
        "repo": "home-manager",
        "rev": "2e795f3efd6265e3d538d4ee78bba773e1044340",
        "type": "github"
      },
      "original": {
        "owner": "nix-community",
        "repo": "home-manager",
        "type": "github"
      }
    },
    "nixos-hardware": {
      "locked": {
        "lastModified": 1613453906,
        "narHash": "sha256-w6oeQ3OTCKxRAG9KtjK+ErxpvUhNr48binO99JVQP9Q=",
        "owner": "nixos",
        "repo": "nixos-hardware",
        "rev": "115770eed0c0fa50c1277cd0f7fe0f15501dbc43",
        "type": "github"
      },
      "original": {
        "owner": "nixos",
        "repo": "nixos-hardware",
        "type": "github"
      }
    },
    "nixpkgs": {
      "locked": {
        "lastModified": 1613582597,
        "narHash": "sha256-6LvipIvFuhyorHpUqK3HjySC5Y6gshXHFBhU9EJ4DoM=",
        "owner": "nixos",
        "repo": "nixpkgs",
        "rev": "6b1057b452c55bb3b463f0d7055bc4ec3fd1f381",
        "type": "github"
      },
      "original": {
        "owner": "nixos",
        "ref": "nixos-unstable",
        "repo": "nixpkgs",
        "type": "github"
      }
    },
    "nixpkgs_2": {
      "locked": {
        "lastModified": 1613573594,
        "narHash": "sha256-mrgXOPsslkfRDNOInoxvOa8G19RC/9xPaT+pds909uQ=",
        "owner": "NixOS",
        "repo": "nixpkgs",
        "rev": "7d1c6ae99ef374472a2d505368cc368a83e6c004",
        "type": "github"
      },
      "original": {
        "id": "nixpkgs",
        "type": "indirect"
      }
    },
    "nixpkgs_3": {
      "locked": {
        "lastModified": 1613582597,
        "narHash": "sha256-6LvipIvFuhyorHpUqK3HjySC5Y6gshXHFBhU9EJ4DoM=",
        "owner": "nixos",
        "repo": "nixpkgs",
        "rev": "6b1057b452c55bb3b463f0d7055bc4ec3fd1f381",
        "type": "github"
      },
      "original": {
        "owner": "nixos",
        "ref": "nixos-unstable",
        "repo": "nixpkgs",
        "type": "github"
      }
    },
    "root": {
      "inputs": {
        "cpkgs": "cpkgs",
        "home-manager": "home-manager",
        "nixos-hardware": "nixos-hardware",
        "nixpkgs": "nixpkgs_3"
      }
    }
  },
  "root": "root",
  "version": 7
}
