{
  "nodes": {
    "cpkgs": {
      "inputs": {
        "nixpkgs": "nixpkgs"
      },
      "locked": {
        "lastModified": 1607966309,
        "narHash": "sha256-RnFEnPzJOFeiSwc/yg3WpUEk0xGVd85fIIhWWt53nis=",
        "owner": "technical27",
        "repo": "pkgs",
        "rev": "8d4e1eec0c4c91b923d0ece42d1b3e5be93ce425",
        "type": "github"
      },
      "original": {
        "owner": "technical27",
        "repo": "pkgs",
        "type": "github"
      }
    },
    "home-manager": {
      "inputs": {
        "nixpkgs": "nixpkgs_2"
      },
      "locked": {
        "lastModified": 1608506894,
        "narHash": "sha256-G2TNqzJunVXcC2sQEvtLOUs5QpI6f2y4Ben//HLQkh8=",
        "owner": "nix-community",
        "repo": "home-manager",
        "rev": "2b1892e646f2e48591c53b3293622720e1a3bdca",
        "type": "github"
      },
      "original": {
        "owner": "nix-community",
        "repo": "home-manager",
        "type": "github"
      }
    },
    "nixos-hardware": {
      "locked": {
        "lastModified": 1607254103,
        "narHash": "sha256-oU+aVtY3vIY0hGNUJM5RKdhx6ipuFDdn3farszfys/0=",
        "owner": "nixos",
        "repo": "nixos-hardware",
        "rev": "87522b29a276a4cab5718e5309aa7d74bc7de75a",
        "type": "github"
      },
      "original": {
        "owner": "nixos",
        "repo": "nixos-hardware",
        "type": "github"
      }
    },
    "nixpkgs": {
      "locked": {
        "lastModified": 1607522989,
        "narHash": "sha256-o/jWhOSAlaK7y2M57OIriRt6whuVVocS/T0mG7fd1TI=",
        "owner": "nixos",
        "repo": "nixpkgs",
        "rev": "e9158eca70ae59e73fae23be5d13d3fa0cfc78b4",
        "type": "github"
      },
      "original": {
        "owner": "nixos",
        "ref": "nixos-unstable",
        "repo": "nixpkgs",
        "type": "github"
      }
    },
    "nixpkgs_2": {
      "locked": {
        "lastModified": 1608564599,
        "narHash": "sha256-Tad5Wh7pA+9dnUdRlrUcCNcRnv9EJ+uBlOPuyOxauqI=",
        "owner": "NixOS",
        "repo": "nixpkgs",
        "rev": "2194012d3b65da2e3b3c0323aac1a65f2ce51833",
        "type": "github"
      },
      "original": {
        "id": "nixpkgs",
        "type": "indirect"
      }
    },
    "nixpkgs_3": {
      "locked": {
        "lastModified": 1607522989,
        "narHash": "sha256-o/jWhOSAlaK7y2M57OIriRt6whuVVocS/T0mG7fd1TI=",
        "owner": "nixos",
        "repo": "nixpkgs",
        "rev": "e9158eca70ae59e73fae23be5d13d3fa0cfc78b4",
        "type": "github"
      },
      "original": {
        "owner": "nixos",
        "ref": "nixos-unstable",
        "repo": "nixpkgs",
        "type": "github"
      }
    },
    "root": {
      "inputs": {
        "cpkgs": "cpkgs",
        "home-manager": "home-manager",
        "nixos-hardware": "nixos-hardware",
        "nixpkgs": "nixpkgs_3"
      }
    }
  },
  "root": "root",
  "version": 7
}
